// !$*UTF8*$!
{
	archiveVersion = 1;
	classes = {
	};
	objectVersion = 77;
	objects = {

/* Begin PBXBuildFile section */
		A55C0A1ECD91D1DC28C4D1A9 /* Pods_guido_1Tests.framework in Frameworks */ = {isa = PBXBuildFile; fileRef = 2F02A2AABBBF0F950A622CD5 /* Pods_guido_1Tests.framework */; };
		AADA7721B01B4C3C182EA27C /* Pods_guido_1_guido_1UITests.framework in Frameworks */ = {isa = PBXBuildFile; fileRef = 275F5B9FE2D897C8397303CA /* Pods_guido_1_guido_1UITests.framework */; };
		D4BDD3252E6397D40011C418 /* Auth in Frameworks */ = {isa = PBXBuildFile; productRef = D4BDD3242E6397D40011C418 /* Auth */; };
		D4BDD3272E6397D40011C418 /* Functions in Frameworks */ = {isa = PBXBuildFile; productRef = D4BDD3262E6397D40011C418 /* Functions */; };
		D4BDD3292E6397D40011C418 /* PostgREST in Frameworks */ = {isa = PBXBuildFile; productRef = D4BDD3282E6397D40011C418 /* PostgREST */; };
		D4BDD32B2E6397D40011C418 /* Realtime in Frameworks */ = {isa = PBXBuildFile; productRef = D4BDD32A2E6397D40011C418 /* Realtime */; };
		D4BDD32D2E6397D40011C418 /* Storage in Frameworks */ = {isa = PBXBuildFile; productRef = D4BDD32C2E6397D40011C418 /* Storage */; };
		D4BDD32F2E639A060011C418 /* Supabase in Frameworks */ = {isa = PBXBuildFile; productRef = D4BDD32E2E639A060011C418 /* Supabase */; };
		D4BDD3312E639A470011C418 /* Auth in Frameworks */ = {isa = PBXBuildFile; productRef = D4BDD3302E639A470011C418 /* Auth */; };
		E49A9E3D4C746030800DECC7 /* Pods_guido_1.framework in Frameworks */ = {isa = PBXBuildFile; fileRef = 309DA5C32707E91FA7380BCA /* Pods_guido_1.framework */; };
/* End PBXBuildFile section */

/* Begin PBXContainerItemProxy section */
		D47B0FF82E35DB7D0076F1FF /* PBXContainerItemProxy */ = {
			isa = PBXContainerItemProxy;
			containerPortal = D47B0FE22E35DB7B0076F1FF /* Project object */;
			proxyType = 1;
			remoteGlobalIDString = D47B0FE92E35DB7B0076F1FF;
			remoteInfo = "guido-1";
		};
		D47B10022E35DB7D0076F1FF /* PBXContainerItemProxy */ = {
			isa = PBXContainerItemProxy;
			containerPortal = D47B0FE22E35DB7B0076F1FF /* Project object */;
			proxyType = 1;
			remoteGlobalIDString = D47B0FE92E35DB7B0076F1FF;
			remoteInfo = "guido-1";
		};
/* End PBXContainerItemProxy section */

/* Begin PBXCopyFilesBuildPhase section */
		D4DD278C2E3A81D1009E2E8C /* Embed Frameworks */ = {
			isa = PBXCopyFilesBuildPhase;
			buildActionMask = 2147483647;
			dstPath = "";
			dstSubfolderSpec = 10;
			files = (
			);
			name = "Embed Frameworks";
			runOnlyForDeploymentPostprocessing = 0;
		};
/* End PBXCopyFilesBuildPhase section */

/* Begin PBXFileReference section */
		07364CFB7CAE9F1D6EFFB859 /* Pods-guido-1.release.xcconfig */ = {isa = PBXFileReference; includeInIndex = 1; lastKnownFileType = text.xcconfig; name = "Pods-guido-1.release.xcconfig"; path = "Target Support Files/Pods-guido-1/Pods-guido-1.release.xcconfig"; sourceTree = "<group>"; };
		226D1273819235147558ADDF /* Pods-guido-1Tests.debug.xcconfig */ = {isa = PBXFileReference; includeInIndex = 1; lastKnownFileType = text.xcconfig; name = "Pods-guido-1Tests.debug.xcconfig"; path = "Target Support Files/Pods-guido-1Tests/Pods-guido-1Tests.debug.xcconfig"; sourceTree = "<group>"; };
		275F5B9FE2D897C8397303CA /* Pods_guido_1_guido_1UITests.framework */ = {isa = PBXFileReference; explicitFileType = wrapper.framework; includeInIndex = 0; path = Pods_guido_1_guido_1UITests.framework; sourceTree = BUILT_PRODUCTS_DIR; };
		2F02A2AABBBF0F950A622CD5 /* Pods_guido_1Tests.framework */ = {isa = PBXFileReference; explicitFileType = wrapper.framework; includeInIndex = 0; path = Pods_guido_1Tests.framework; sourceTree = BUILT_PRODUCTS_DIR; };
		309DA5C32707E91FA7380BCA /* Pods_guido_1.framework */ = {isa = PBXFileReference; explicitFileType = wrapper.framework; includeInIndex = 0; path = Pods_guido_1.framework; sourceTree = BUILT_PRODUCTS_DIR; };
		527CA6ECBC117D5796B29A7E /* Pods-guido-1Tests.release.xcconfig */ = {isa = PBXFileReference; includeInIndex = 1; lastKnownFileType = text.xcconfig; name = "Pods-guido-1Tests.release.xcconfig"; path = "Target Support Files/Pods-guido-1Tests/Pods-guido-1Tests.release.xcconfig"; sourceTree = "<group>"; };
		CC21CDE5EE9D7B8309D18428 /* Pods-guido-1.debug.xcconfig */ = {isa = PBXFileReference; includeInIndex = 1; lastKnownFileType = text.xcconfig; name = "Pods-guido-1.debug.xcconfig"; path = "Target Support Files/Pods-guido-1/Pods-guido-1.debug.xcconfig"; sourceTree = "<group>"; };
		D47B0FEA2E35DB7B0076F1FF /* guido-1.app */ = {isa = PBXFileReference; explicitFileType = wrapper.application; includeInIndex = 0; path = "guido-1.app"; sourceTree = BUILT_PRODUCTS_DIR; };
		D47B0FF72E35DB7D0076F1FF /* guido-1Tests.xctest */ = {isa = PBXFileReference; explicitFileType = wrapper.cfbundle; includeInIndex = 0; path = "guido-1Tests.xctest"; sourceTree = BUILT_PRODUCTS_DIR; };
		D47B10012E35DB7D0076F1FF /* guido-1UITests.xctest */ = {isa = PBXFileReference; explicitFileType = wrapper.cfbundle; includeInIndex = 0; path = "guido-1UITests.xctest"; sourceTree = BUILT_PRODUCTS_DIR; };
		EF7B2F6ACEC73E005E4911A4 /* Pods-guido-1-guido-1UITests.release.xcconfig */ = {isa = PBXFileReference; includeInIndex = 1; lastKnownFileType = text.xcconfig; name = "Pods-guido-1-guido-1UITests.release.xcconfig"; path = "Target Support Files/Pods-guido-1-guido-1UITests/Pods-guido-1-guido-1UITests.release.xcconfig"; sourceTree = "<group>"; };
		F13C8F5C6CC1B847562528AD /* Pods-guido-1-guido-1UITests.debug.xcconfig */ = {isa = PBXFileReference; includeInIndex = 1; lastKnownFileType = text.xcconfig; name = "Pods-guido-1-guido-1UITests.debug.xcconfig"; path = "Target Support Files/Pods-guido-1-guido-1UITests/Pods-guido-1-guido-1UITests.debug.xcconfig"; sourceTree = "<group>"; };
/* End PBXFileReference section */

/* Begin PBXFileSystemSynchronizedBuildFileExceptionSet section */
		D47B10272E35E77F0076F1FF /* Exceptions for "guido-1" folder in "guido-1" target */ = {
			isa = PBXFileSystemSynchronizedBuildFileExceptionSet;
			membershipExceptions = (
				Info.plist,
			);
			target = D47B0FE92E35DB7B0076F1FF /* guido-1 */;
		};
/* End PBXFileSystemSynchronizedBuildFileExceptionSet section */

/* Begin PBXFileSystemSynchronizedRootGroup section */
		D47B0FEC2E35DB7B0076F1FF /* guido-1 */ = {
			isa = PBXFileSystemSynchronizedRootGroup;
			exceptions = (
				D47B10272E35E77F0076F1FF /* Exceptions for "guido-1" folder in "guido-1" target */,
			);
			path = "guido-1";
			sourceTree = "<group>";
		};
		D47B0FFA2E35DB7D0076F1FF /* guido-1Tests */ = {
			isa = PBXFileSystemSynchronizedRootGroup;
			exceptions = (
			);
			path = "guido-1Tests";
			sourceTree = "<group>";
		};
		D47B10042E35DB7D0076F1FF /* guido-1UITests */ = {
			isa = PBXFileSystemSynchronizedRootGroup;
			exceptions = (
			);
			path = "guido-1UITests";
			sourceTree = "<group>";
		};
/* End PBXFileSystemSynchronizedRootGroup section */

/* Begin PBXFrameworksBuildPhase section */
		D47B0FE72E35DB7B0076F1FF /* Frameworks */ = {
			isa = PBXFrameworksBuildPhase;
			buildActionMask = 2147483647;
			files = (
				E49A9E3D4C746030800DECC7 /* Pods_guido_1.framework in Frameworks */,
				D4BDD3312E639A470011C418 /* Auth in Frameworks */,
				D4BDD32D2E6397D40011C418 /* Storage in Frameworks */,
				D4BDD3272E6397D40011C418 /* Functions in Frameworks */,
				D4BDD32F2E639A060011C418 /* Supabase in Frameworks */,
				D4BDD32B2E6397D40011C418 /* Realtime in Frameworks */,
				D4BDD3252E6397D40011C418 /* Auth in Frameworks */,
				D4BDD3292E6397D40011C418 /* PostgREST in Frameworks */,
			);
			runOnlyForDeploymentPostprocessing = 0;
		};
		D47B0FF42E35DB7D0076F1FF /* Frameworks */ = {
			isa = PBXFrameworksBuildPhase;
			buildActionMask = 2147483647;
			files = (
				A55C0A1ECD91D1DC28C4D1A9 /* Pods_guido_1Tests.framework in Frameworks */,
			);
			runOnlyForDeploymentPostprocessing = 0;
		};
		D47B0FFE2E35DB7D0076F1FF /* Frameworks */ = {
			isa = PBXFrameworksBuildPhase;
			buildActionMask = 2147483647;
			files = (
				AADA7721B01B4C3C182EA27C /* Pods_guido_1_guido_1UITests.framework in Frameworks */,
			);
			runOnlyForDeploymentPostprocessing = 0;
		};
/* End PBXFrameworksBuildPhase section */

/* Begin PBXGroup section */
		D47B0FE12E35DB7B0076F1FF = {
			isa = PBXGroup;
			children = (
				D47B0FEC2E35DB7B0076F1FF /* guido-1 */,
				D47B0FFA2E35DB7D0076F1FF /* guido-1Tests */,
				D47B10042E35DB7D0076F1FF /* guido-1UITests */,
				D47B0FEB2E35DB7B0076F1FF /* Products */,
				E4BFAAFCA8AE41B9F5D11250 /* Pods */,
				EB3159E7926496B27DA5E79F /* Frameworks */,
			);
			sourceTree = "<group>";
		};
		D47B0FEB2E35DB7B0076F1FF /* Products */ = {
			isa = PBXGroup;
			children = (
				D47B0FEA2E35DB7B0076F1FF /* guido-1.app */,
				D47B0FF72E35DB7D0076F1FF /* guido-1Tests.xctest */,
				D47B10012E35DB7D0076F1FF /* guido-1UITests.xctest */,
			);
			name = Products;
			sourceTree = "<group>";
		};
		E4BFAAFCA8AE41B9F5D11250 /* Pods */ = {
			isa = PBXGroup;
			children = (
				CC21CDE5EE9D7B8309D18428 /* Pods-guido-1.debug.xcconfig */,
				07364CFB7CAE9F1D6EFFB859 /* Pods-guido-1.release.xcconfig */,
				F13C8F5C6CC1B847562528AD /* Pods-guido-1-guido-1UITests.debug.xcconfig */,
				EF7B2F6ACEC73E005E4911A4 /* Pods-guido-1-guido-1UITests.release.xcconfig */,
				226D1273819235147558ADDF /* Pods-guido-1Tests.debug.xcconfig */,
				527CA6ECBC117D5796B29A7E /* Pods-guido-1Tests.release.xcconfig */,
			);
			path = Pods;
			sourceTree = "<group>";
		};
		EB3159E7926496B27DA5E79F /* Frameworks */ = {
			isa = PBXGroup;
			children = (
				309DA5C32707E91FA7380BCA /* Pods_guido_1.framework */,
				275F5B9FE2D897C8397303CA /* Pods_guido_1_guido_1UITests.framework */,
				2F02A2AABBBF0F950A622CD5 /* Pods_guido_1Tests.framework */,
			);
			name = Frameworks;
			sourceTree = "<group>";
		};
/* End PBXGroup section */

/* Begin PBXNativeTarget section */
		D47B0FE92E35DB7B0076F1FF /* guido-1 */ = {
			isa = PBXNativeTarget;
			buildConfigurationList = D47B100B2E35DB7D0076F1FF /* Build configuration list for PBXNativeTarget "guido-1" */;
			buildPhases = (
				DC96DEC303C69650B98F9D53 /* [CP] Check Pods Manifest.lock */,
				D47B0FE62E35DB7B0076F1FF /* Sources */,
				D47B0FE72E35DB7B0076F1FF /* Frameworks */,
				D47B0FE82E35DB7B0076F1FF /* Resources */,
				D4DD278C2E3A81D1009E2E8C /* Embed Frameworks */,
				9F16DF12D28F617468680ACA /* [CP] Embed Pods Frameworks */,
			);
			buildRules = (
			);
			dependencies = (
			);
			fileSystemSynchronizedGroups = (
				D47B0FEC2E35DB7B0076F1FF /* guido-1 */,
			);
			name = "guido-1";
			productName = "guido-1";
			productReference = D47B0FEA2E35DB7B0076F1FF /* guido-1.app */;
			productType = "com.apple.product-type.application";
		};
		D47B0FF62E35DB7D0076F1FF /* guido-1Tests */ = {
			isa = PBXNativeTarget;
			buildConfigurationList = D47B100E2E35DB7D0076F1FF /* Build configuration list for PBXNativeTarget "guido-1Tests" */;
			buildPhases = (
				EAFA25992A14B726329A50C5 /* [CP] Check Pods Manifest.lock */,
				D47B0FF32E35DB7D0076F1FF /* Sources */,
				D47B0FF42E35DB7D0076F1FF /* Frameworks */,
				D47B0FF52E35DB7D0076F1FF /* Resources */,
			);
			buildRules = (
			);
			dependencies = (
				D47B0FF92E35DB7D0076F1FF /* PBXTargetDependency */,
			);
			fileSystemSynchronizedGroups = (
				D47B0FFA2E35DB7D0076F1FF /* guido-1Tests */,
			);
			name = "guido-1Tests";
			productName = "guido-1Tests";
			productReference = D47B0FF72E35DB7D0076F1FF /* guido-1Tests.xctest */;
			productType = "com.apple.product-type.bundle.unit-test";
		};
		D47B10002E35DB7D0076F1FF /* guido-1UITests */ = {
			isa = PBXNativeTarget;
			buildConfigurationList = D47B10112E35DB7D0076F1FF /* Build configuration list for PBXNativeTarget "guido-1UITests" */;
			buildPhases = (
				D67DD5A9382FD9979D09644F /* [CP] Check Pods Manifest.lock */,
				D47B0FFD2E35DB7D0076F1FF /* Sources */,
				D47B0FFE2E35DB7D0076F1FF /* Frameworks */,
				D47B0FFF2E35DB7D0076F1FF /* Resources */,
				00EE5302FB897DFEE6529BCB /* [CP] Embed Pods Frameworks */,
			);
			buildRules = (
			);
			dependencies = (
				D47B10032E35DB7D0076F1FF /* PBXTargetDependency */,
			);
			fileSystemSynchronizedGroups = (
				D47B10042E35DB7D0076F1FF /* guido-1UITests */,
			);
			name = "guido-1UITests";
			productName = "guido-1UITests";
			productReference = D47B10012E35DB7D0076F1FF /* guido-1UITests.xctest */;
			productType = "com.apple.product-type.bundle.ui-testing";
		};
/* End PBXNativeTarget section */

/* Begin PBXProject section */
		D47B0FE22E35DB7B0076F1FF /* Project object */ = {
			isa = PBXProject;
			attributes = {
				BuildIndependentTargetsInParallel = 1;
				LastSwiftUpdateCheck = 1640;
				LastUpgradeCheck = 1640;
				TargetAttributes = {
					D47B0FE92E35DB7B0076F1FF = {
						CreatedOnToolsVersion = 16.4;
					};
					D47B0FF62E35DB7D0076F1FF = {
						CreatedOnToolsVersion = 16.4;
						TestTargetID = D47B0FE92E35DB7B0076F1FF;
					};
					D47B10002E35DB7D0076F1FF = {
						CreatedOnToolsVersion = 16.4;
						TestTargetID = D47B0FE92E35DB7B0076F1FF;
					};
				};
			};
			buildConfigurationList = D47B0FE52E35DB7B0076F1FF /* Build configuration list for PBXProject "guido-1" */;
			developmentRegion = en;
			hasScannedForEncodings = 0;
			knownRegions = (
				en,
				Base,
			);
			mainGroup = D47B0FE12E35DB7B0076F1FF;
			minimizedProjectReferenceProxies = 1;
			packageReferences = (
				D4BDD3232E6397D40011C418 /* XCRemoteSwiftPackageReference "supabase-swift" */,
			);
			preferredProjectObjectVersion = 77;
			productRefGroup = D47B0FEB2E35DB7B0076F1FF /* Products */;
			projectDirPath = "";
			projectRoot = "";
			targets = (
				D47B0FE92E35DB7B0076F1FF /* guido-1 */,
				D47B0FF62E35DB7D0076F1FF /* guido-1Tests */,
				D47B10002E35DB7D0076F1FF /* guido-1UITests */,
			);
		};
/* End PBXProject section */

/* Begin PBXResourcesBuildPhase section */
		D47B0FE82E35DB7B0076F1FF /* Resources */ = {
			isa = PBXResourcesBuildPhase;
			buildActionMask = 2147483647;
			files = (
			);
			runOnlyForDeploymentPostprocessing = 0;
		};
		D47B0FF52E35DB7D0076F1FF /* Resources */ = {
			isa = PBXResourcesBuildPhase;
			buildActionMask = 2147483647;
			files = (
			);
			runOnlyForDeploymentPostprocessing = 0;
		};
		D47B0FFF2E35DB7D0076F1FF /* Resources */ = {
			isa = PBXResourcesBuildPhase;
			buildActionMask = 2147483647;
			files = (
			);
			runOnlyForDeploymentPostprocessing = 0;
		};
/* End PBXResourcesBuildPhase section */

/* Begin PBXShellScriptBuildPhase section */
		00EE5302FB897DFEE6529BCB /* [CP] Embed Pods Frameworks */ = {
			isa = PBXShellScriptBuildPhase;
			buildActionMask = 2147483647;
			files = (
			);
			inputFileListPaths = (
				"${PODS_ROOT}/Target Support Files/Pods-guido-1-guido-1UITests/Pods-guido-1-guido-1UITests-frameworks-${CONFIGURATION}-input-files.xcfilelist",
			);
			name = "[CP] Embed Pods Frameworks";
			outputFileListPaths = (
				"${PODS_ROOT}/Target Support Files/Pods-guido-1-guido-1UITests/Pods-guido-1-guido-1UITests-frameworks-${CONFIGURATION}-output-files.xcfilelist",
			);
			runOnlyForDeploymentPostprocessing = 0;
			shellPath = /bin/sh;
			shellScript = "\"${PODS_ROOT}/Target Support Files/Pods-guido-1-guido-1UITests/Pods-guido-1-guido-1UITests-frameworks.sh\"\n";
			showEnvVarsInLog = 0;
		};
		9F16DF12D28F617468680ACA /* [CP] Embed Pods Frameworks */ = {
			isa = PBXShellScriptBuildPhase;
			buildActionMask = 2147483647;
			files = (
			);
			inputFileListPaths = (
				"${PODS_ROOT}/Target Support Files/Pods-guido-1/Pods-guido-1-frameworks-${CONFIGURATION}-input-files.xcfilelist",
			);
			name = "[CP] Embed Pods Frameworks";
			outputFileListPaths = (
				"${PODS_ROOT}/Target Support Files/Pods-guido-1/Pods-guido-1-frameworks-${CONFIGURATION}-output-files.xcfilelist",
			);
			runOnlyForDeploymentPostprocessing = 0;
			shellPath = /bin/sh;
			shellScript = "\"${PODS_ROOT}/Target Support Files/Pods-guido-1/Pods-guido-1-frameworks.sh\"\n";
			showEnvVarsInLog = 0;
		};
		D67DD5A9382FD9979D09644F /* [CP] Check Pods Manifest.lock */ = {
			isa = PBXShellScriptBuildPhase;
			buildActionMask = 2147483647;
			files = (
			);
			inputFileListPaths = (
			);
			inputPaths = (
				"${PODS_PODFILE_DIR_PATH}/Podfile.lock",
				"${PODS_ROOT}/Manifest.lock",
			);
			name = "[CP] Check Pods Manifest.lock";
			outputFileListPaths = (
			);
			outputPaths = (
				"$(DERIVED_FILE_DIR)/Pods-guido-1-guido-1UITests-checkManifestLockResult.txt",
			);
			runOnlyForDeploymentPostprocessing = 0;
			shellPath = /bin/sh;
			shellScript = "diff \"${PODS_PODFILE_DIR_PATH}/Podfile.lock\" \"${PODS_ROOT}/Manifest.lock\" > /dev/null\nif [ $? != 0 ] ; then\n    # print error to STDERR\n    echo \"error: The sandbox is not in sync with the Podfile.lock. Run 'pod install' or update your CocoaPods installation.\" >&2\n    exit 1\nfi\n# This output is used by Xcode 'outputs' to avoid re-running this script phase.\necho \"SUCCESS\" > \"${SCRIPT_OUTPUT_FILE_0}\"\n";
			showEnvVarsInLog = 0;
		};
		DC96DEC303C69650B98F9D53 /* [CP] Check Pods Manifest.lock */ = {
			isa = PBXShellScriptBuildPhase;
			buildActionMask = 2147483647;
			files = (
			);
			inputFileListPaths = (
			);
			inputPaths = (
				"${PODS_PODFILE_DIR_PATH}/Podfile.lock",
				"${PODS_ROOT}/Manifest.lock",
			);
			name = "[CP] Check Pods Manifest.lock";
			outputFileListPaths = (
			);
			outputPaths = (
				"$(DERIVED_FILE_DIR)/Pods-guido-1-checkManifestLockResult.txt",
			);
			runOnlyForDeploymentPostprocessing = 0;
			shellPath = /bin/sh;
			shellScript = "diff \"${PODS_PODFILE_DIR_PATH}/Podfile.lock\" \"${PODS_ROOT}/Manifest.lock\" > /dev/null\nif [ $? != 0 ] ; then\n    # print error to STDERR\n    echo \"error: The sandbox is not in sync with the Podfile.lock. Run 'pod install' or update your CocoaPods installation.\" >&2\n    exit 1\nfi\n# This output is used by Xcode 'outputs' to avoid re-running this script phase.\necho \"SUCCESS\" > \"${SCRIPT_OUTPUT_FILE_0}\"\n";
			showEnvVarsInLog = 0;
		};
		EAFA25992A14B726329A50C5 /* [CP] Check Pods Manifest.lock */ = {
			isa = PBXShellScriptBuildPhase;
			buildActionMask = 2147483647;
			files = (
			);
			inputFileListPaths = (
			);
			inputPaths = (
				"${PODS_PODFILE_DIR_PATH}/Podfile.lock",
				"${PODS_ROOT}/Manifest.lock",
			);
			name = "[CP] Check Pods Manifest.lock";
			outputFileListPaths = (
			);
			outputPaths = (
				"$(DERIVED_FILE_DIR)/Pods-guido-1Tests-checkManifestLockResult.txt",
			);
			runOnlyForDeploymentPostprocessing = 0;
			shellPath = /bin/sh;
			shellScript = "diff \"${PODS_PODFILE_DIR_PATH}/Podfile.lock\" \"${PODS_ROOT}/Manifest.lock\" > /dev/null\nif [ $? != 0 ] ; then\n    # print error to STDERR\n    echo \"error: The sandbox is not in sync with the Podfile.lock. Run 'pod install' or update your CocoaPods installation.\" >&2\n    exit 1\nfi\n# This output is used by Xcode 'outputs' to avoid re-running this script phase.\necho \"SUCCESS\" > \"${SCRIPT_OUTPUT_FILE_0}\"\n";
			showEnvVarsInLog = 0;
		};
/* End PBXShellScriptBuildPhase section */

/* Begin PBXSourcesBuildPhase section */
		D47B0FE62E35DB7B0076F1FF /* Sources */ = {
			isa = PBXSourcesBuildPhase;
			buildActionMask = 2147483647;
			files = (
			);
			runOnlyForDeploymentPostprocessing = 0;
		};
		D47B0FF32E35DB7D0076F1FF /* Sources */ = {
			isa = PBXSourcesBuildPhase;
			buildActionMask = 2147483647;
			files = (
			);
			runOnlyForDeploymentPostprocessing = 0;
		};
		D47B0FFD2E35DB7D0076F1FF /* Sources */ = {
			isa = PBXSourcesBuildPhase;
			buildActionMask = 2147483647;
			files = (
			);
			runOnlyForDeploymentPostprocessing = 0;
		};
/* End PBXSourcesBuildPhase section */

/* Begin PBXTargetDependency section */
		D47B0FF92E35DB7D0076F1FF /* PBXTargetDependency */ = {
			isa = PBXTargetDependency;
			target = D47B0FE92E35DB7B0076F1FF /* guido-1 */;
			targetProxy = D47B0FF82E35DB7D0076F1FF /* PBXContainerItemProxy */;
		};
		D47B10032E35DB7D0076F1FF /* PBXTargetDependency */ = {
			isa = PBXTargetDependency;
			target = D47B0FE92E35DB7B0076F1FF /* guido-1 */;
			targetProxy = D47B10022E35DB7D0076F1FF /* PBXContainerItemProxy */;
		};
/* End PBXTargetDependency section */

/* Begin XCBuildConfiguration section */
		D47B10092E35DB7D0076F1FF /* Debug */ = {
			isa = XCBuildConfiguration;
			buildSettings = {
				ALWAYS_SEARCH_USER_PATHS = NO;
				ASSETCATALOG_COMPILER_GENERATE_SWIFT_ASSET_SYMBOL_EXTENSIONS = YES;
				CLANG_ANALYZER_NONNULL = YES;
				CLANG_ANALYZER_NUMBER_OBJECT_CONVERSION = YES_AGGRESSIVE;
				CLANG_CXX_LANGUAGE_STANDARD = "gnu++20";
				CLANG_ENABLE_MODULES = YES;
				CLANG_ENABLE_OBJC_ARC = YES;
				CLANG_ENABLE_OBJC_WEAK = YES;
				CLANG_WARN_BLOCK_CAPTURE_AUTORELEASING = YES;
				CLANG_WARN_BOOL_CONVERSION = YES;
				CLANG_WARN_COMMA = YES;
				CLANG_WARN_CONSTANT_CONVERSION = YES;
				CLANG_WARN_DEPRECATED_OBJC_IMPLEMENTATIONS = YES;
				CLANG_WARN_DIRECT_OBJC_ISA_USAGE = YES_ERROR;
				CLANG_WARN_DOCUMENTATION_COMMENTS = YES;
				CLANG_WARN_EMPTY_BODY = YES;
				CLANG_WARN_ENUM_CONVERSION = YES;
				CLANG_WARN_INFINITE_RECURSION = YES;
				CLANG_WARN_INT_CONVERSION = YES;
				CLANG_WARN_NON_LITERAL_NULL_CONVERSION = YES;
				CLANG_WARN_OBJC_IMPLICIT_RETAIN_SELF = YES;
				CLANG_WARN_OBJC_LITERAL_CONVERSION = YES;
				CLANG_WARN_OBJC_ROOT_CLASS = YES_ERROR;
				CLANG_WARN_QUOTED_INCLUDE_IN_FRAMEWORK_HEADER = YES;
				CLANG_WARN_RANGE_LOOP_ANALYSIS = YES;
				CLANG_WARN_STRICT_PROTOTYPES = YES;
				CLANG_WARN_SUSPICIOUS_MOVE = YES;
				CLANG_WARN_UNGUARDED_AVAILABILITY = YES_AGGRESSIVE;
				CLANG_WARN_UNREACHABLE_CODE = YES;
				CLANG_WARN__DUPLICATE_METHOD_MATCH = YES;
				COPY_PHASE_STRIP = NO;
				DEBUG_INFORMATION_FORMAT = dwarf;
				ENABLE_STRICT_OBJC_MSGSEND = YES;
				ENABLE_TESTABILITY = YES;
				ENABLE_USER_SCRIPT_SANDBOXING = YES;
				GCC_C_LANGUAGE_STANDARD = gnu17;
				GCC_DYNAMIC_NO_PIC = NO;
				GCC_NO_COMMON_BLOCKS = YES;
				GCC_OPTIMIZATION_LEVEL = 0;
				GCC_PREPROCESSOR_DEFINITIONS = (
					"DEBUG=1",
					"$(inherited)",
				);
				GCC_WARN_64_TO_32_BIT_CONVERSION = YES;
				GCC_WARN_ABOUT_RETURN_TYPE = YES_ERROR;
				GCC_WARN_UNDECLARED_SELECTOR = YES;
				GCC_WARN_UNINITIALIZED_AUTOS = YES_AGGRESSIVE;
				GCC_WARN_UNUSED_FUNCTION = YES;
				GCC_WARN_UNUSED_VARIABLE = YES;
				IPHONEOS_DEPLOYMENT_TARGET = 16.0;
				LOCALIZATION_PREFERS_STRING_CATALOGS = YES;
				MTL_ENABLE_DEBUG_INFO = INCLUDE_SOURCE;
				MTL_FAST_MATH = YES;
				ONLY_ACTIVE_ARCH = YES;
				SDKROOT = iphoneos;
				SWIFT_ACTIVE_COMPILATION_CONDITIONS = "DEBUG $(inherited)";
				SWIFT_OPTIMIZATION_LEVEL = "-Onone";
			};
			name = Debug;
		};
		D47B100A2E35DB7D0076F1FF /* Release */ = {
			isa = XCBuildConfiguration;
			buildSettings = {
				ALWAYS_SEARCH_USER_PATHS = NO;
				ASSETCATALOG_COMPILER_GENERATE_SWIFT_ASSET_SYMBOL_EXTENSIONS = YES;
				CLANG_ANALYZER_NONNULL = YES;
				CLANG_ANALYZER_NUMBER_OBJECT_CONVERSION = YES_AGGRESSIVE;
				CLANG_CXX_LANGUAGE_STANDARD = "gnu++20";
				CLANG_ENABLE_MODULES = YES;
				CLANG_ENABLE_OBJC_ARC = YES;
				CLANG_ENABLE_OBJC_WEAK = YES;
				CLANG_WARN_BLOCK_CAPTURE_AUTORELEASING = YES;
				CLANG_WARN_BOOL_CONVERSION = YES;
				CLANG_WARN_COMMA = YES;
				CLANG_WARN_CONSTANT_CONVERSION = YES;
				CLANG_WARN_DEPRECATED_OBJC_IMPLEMENTATIONS = YES;
				CLANG_WARN_DIRECT_OBJC_ISA_USAGE = YES_ERROR;
				CLANG_WARN_DOCUMENTATION_COMMENTS = YES;
				CLANG_WARN_EMPTY_BODY = YES;
				CLANG_WARN_ENUM_CONVERSION = YES;
				CLANG_WARN_INFINITE_RECURSION = YES;
				CLANG_WARN_INT_CONVERSION = YES;
				CLANG_WARN_NON_LITERAL_NULL_CONVERSION = YES;
				CLANG_WARN_OBJC_IMPLICIT_RETAIN_SELF = YES;
				CLANG_WARN_OBJC_LITERAL_CONVERSION = YES;
				CLANG_WARN_OBJC_ROOT_CLASS = YES_ERROR;
				CLANG_WARN_QUOTED_INCLUDE_IN_FRAMEWORK_HEADER = YES;
				CLANG_WARN_RANGE_LOOP_ANALYSIS = YES;
				CLANG_WARN_STRICT_PROTOTYPES = YES;
				CLANG_WARN_SUSPICIOUS_MOVE = YES;
				CLANG_WARN_UNGUARDED_AVAILABILITY = YES_AGGRESSIVE;
				CLANG_WARN_UNREACHABLE_CODE = YES;
				CLANG_WARN__DUPLICATE_METHOD_MATCH = YES;
				COPY_PHASE_STRIP = YES;
				ONLY_ACTIVE_ARCH = NO;
				STRIP_INSTALLED_PRODUCT = YES;
				DEBUG_INFORMATION_FORMAT = "dwarf-with-dsym";
				ENABLE_NS_ASSERTIONS = NO;
				ENABLE_STRICT_OBJC_MSGSEND = YES;
				ENABLE_USER_SCRIPT_SANDBOXING = YES;
				GCC_C_LANGUAGE_STANDARD = gnu17;
				GCC_NO_COMMON_BLOCKS = YES;
				GCC_WARN_64_TO_32_BIT_CONVERSION = YES;
				GCC_WARN_ABOUT_RETURN_TYPE = YES_ERROR;
				GCC_WARN_UNDECLARED_SELECTOR = YES;
				GCC_WARN_UNINITIALIZED_AUTOS = YES_AGGRESSIVE;
				GCC_WARN_UNUSED_FUNCTION = YES;
				GCC_WARN_UNUSED_VARIABLE = YES;
				IPHONEOS_DEPLOYMENT_TARGET = 16.0;
				LOCALIZATION_PREFERS_STRING_CATALOGS = YES;
				MTL_ENABLE_DEBUG_INFO = NO;
				MTL_FAST_MATH = YES;
				SDKROOT = iphoneos;
				SWIFT_COMPILATION_MODE = wholemodule;
				VALIDATE_PRODUCT = YES;
			};
			name = Release;
		};
		D47B100C2E35DB7D0076F1FF /* Debug */ = {
			isa = XCBuildConfiguration;
			baseConfigurationReference = CC21CDE5EE9D7B8309D18428 /* Pods-guido-1.debug.xcconfig */;
			buildSettings = {
				ASSETCATALOG_COMPILER_APPICON_NAME = AppIcon;
				ASSETCATALOG_COMPILER_GLOBAL_ACCENT_COLOR_NAME = AccentColor;
				CODE_SIGN_STYLE = Automatic;
				CURRENT_PROJECT_VERSION = 1;
				DEVELOPMENT_TEAM = ZKLADPT47Z;
				ENABLE_PREVIEWS = YES;
				ENABLE_USER_SCRIPT_SANDBOXING = NO;
				FRAMEWORK_SEARCH_PATHS = "$(inherited)";
				GENERATE_INFOPLIST_FILE = YES;
				INFOPLIST_FILE = "guido-1/Info.plist";
				INFOPLIST_KEY_NSLocationWhenInUseUsageDescription = "Guido uses your location to provide contextual travel recommendations and points of interest nearby.";
				INFOPLIST_KEY_NSMicrophoneUsageDescription = "Guido needs microphone access to listen to your voice and provide personalized travel guidance through your headphones.";
				INFOPLIST_KEY_UIApplicationSceneManifest_Generation = YES;
				INFOPLIST_KEY_UIApplicationSupportsIndirectInputEvents = YES;
				INFOPLIST_KEY_UILaunchScreen_Generation = YES;
				INFOPLIST_KEY_UISupportedInterfaceOrientations_iPad = "UIInterfaceOrientationPortrait UIInterfaceOrientationPortraitUpsideDown UIInterfaceOrientationLandscapeLeft UIInterfaceOrientationLandscapeRight";
				INFOPLIST_KEY_UISupportedInterfaceOrientations_iPhone = "UIInterfaceOrientationPortrait UIInterfaceOrientationLandscapeLeft UIInterfaceOrientationLandscapeRight";
				LD_RUNPATH_SEARCH_PATHS = (
					"$(inherited)",
					"@executable_path/Frameworks",
				);
				MARKETING_VERSION = 1.0;
				PRODUCT_BUNDLE_IDENTIFIER = "com.vjventures.guido-1";
				PRODUCT_NAME = "$(TARGET_NAME)";
				SWIFT_EMIT_LOC_STRINGS = YES;
				SWIFT_VERSION = 5.0;
				TARGETED_DEVICE_FAMILY = "1,2";
			};
			name = Debug;
		};
		D47B100D2E35DB7D0076F1FF /* Release */ = {
			isa = XCBuildConfiguration;
			baseConfigurationReference = 07364CFB7CAE9F1D6EFFB859 /* Pods-guido-1.release.xcconfig */;
			buildSettings = {
				ASSETCATALOG_COMPILER_APPICON_NAME = AppIcon;
				ASSETCATALOG_COMPILER_GLOBAL_ACCENT_COLOR_NAME = AccentColor;
				CODE_SIGN_STYLE = Automatic;
				CURRENT_PROJECT_VERSION = 1;
				DEVELOPMENT_TEAM = ZKLADPT47Z;
				ENABLE_PREVIEWS = YES;
				ENABLE_USER_SCRIPT_SANDBOXING = NO;
				FRAMEWORK_SEARCH_PATHS = "$(inherited)";
				GENERATE_INFOPLIST_FILE = YES;
				INFOPLIST_FILE = "guido-1/Info.plist";
				INFOPLIST_KEY_NSLocationWhenInUseUsageDescription = "Guido uses your location to provide contextual travel recommendations and points of interest nearby.";
				INFOPLIST_KEY_NSMicrophoneUsageDescription = "Guido needs microphone access to listen to your voice and provide personalized travel guidance through your headphones.";
				INFOPLIST_KEY_UIApplicationSceneManifest_Generation = YES;
				INFOPLIST_KEY_UIApplicationSupportsIndirectInputEvents = YES;
				INFOPLIST_KEY_UILaunchScreen_Generation = YES;
				INFOPLIST_KEY_UISupportedInterfaceOrientations_iPad = "UIInterfaceOrientationPortrait UIInterfaceOrientationPortraitUpsideDown UIInterfaceOrientationLandscapeLeft UIInterfaceOrientationLandscapeRight";
				INFOPLIST_KEY_UISupportedInterfaceOrientations_iPhone = "UIInterfaceOrientationPortrait UIInterfaceOrientationLandscapeLeft UIInterfaceOrientationLandscapeRight";
				LD_RUNPATH_SEARCH_PATHS = (
					"$(inherited)",
					"@executable_path/Frameworks",
				);
				MARKETING_VERSION = 1.0;
				PRODUCT_BUNDLE_IDENTIFIER = "com.vjventures.guido-1";
				PRODUCT_NAME = "$(TARGET_NAME)";
				SWIFT_EMIT_LOC_STRINGS = YES;
				SWIFT_VERSION = 5.0;
				TARGETED_DEVICE_FAMILY = "1,2";
			};
			name = Release;
		};
		D47B100F2E35DB7D0076F1FF /* Debug */ = {
			isa = XCBuildConfiguration;
			baseConfigurationReference = 226D1273819235147558ADDF /* Pods-guido-1Tests.debug.xcconfig */;
			buildSettings = {
				BUNDLE_LOADER = "$(TEST_HOST)";
				CODE_SIGN_STYLE = Automatic;
				CURRENT_PROJECT_VERSION = 1;
				ENABLE_USER_SCRIPT_SANDBOXING = NO;
				GENERATE_INFOPLIST_FILE = YES;
				IPHONEOS_DEPLOYMENT_TARGET = 16.0;
				MARKETING_VERSION = 1.0;
				PRODUCT_BUNDLE_IDENTIFIER = "com.vjventures.guido-1Tests";
				PRODUCT_NAME = "$(TARGET_NAME)";
				SWIFT_EMIT_LOC_STRINGS = NO;
				SWIFT_VERSION = 5.0;
				TARGETED_DEVICE_FAMILY = "1,2";
				TEST_HOST = "$(BUILT_PRODUCTS_DIR)/guido-1.app/$(BUNDLE_EXECUTABLE_FOLDER_PATH)/guido-1";
			};
			name = Debug;
		};
		D47B10102E35DB7D0076F1FF /* Release */ = {
			isa = XCBuildConfiguration;
			baseConfigurationReference = 527CA6ECBC117D5796B29A7E /* Pods-guido-1Tests.release.xcconfig */;
			buildSettings = {
				BUNDLE_LOADER = "$(TEST_HOST)";
				CODE_SIGN_STYLE = Automatic;
				CURRENT_PROJECT_VERSION = 1;
				ENABLE_USER_SCRIPT_SANDBOXING = NO;
				GENERATE_INFOPLIST_FILE = YES;
				IPHONEOS_DEPLOYMENT_TARGET = 16.0;
				MARKETING_VERSION = 1.0;
				PRODUCT_BUNDLE_IDENTIFIER = "com.vjventures.guido-1Tests";
				PRODUCT_NAME = "$(TARGET_NAME)";
				SWIFT_EMIT_LOC_STRINGS = NO;
				SWIFT_VERSION = 5.0;
				TARGETED_DEVICE_FAMILY = "1,2";
				TEST_HOST = "$(BUILT_PRODUCTS_DIR)/guido-1.app/$(BUNDLE_EXECUTABLE_FOLDER_PATH)/guido-1";
			};
			name = Release;
		};
		D47B10122E35DB7D0076F1FF /* Debug */ = {
			isa = XCBuildConfiguration;
			baseConfigurationReference = F13C8F5C6CC1B847562528AD /* Pods-guido-1-guido-1UITests.debug.xcconfig */;
			buildSettings = {
				CODE_SIGN_STYLE = Automatic;
				CURRENT_PROJECT_VERSION = 1;
				ENABLE_USER_SCRIPT_SANDBOXING = NO;
				GENERATE_INFOPLIST_FILE = YES;
				MARKETING_VERSION = 1.0;
				PRODUCT_BUNDLE_IDENTIFIER = "com.vjventures.guido-1UITests";
				PRODUCT_NAME = "$(TARGET_NAME)";
				SWIFT_EMIT_LOC_STRINGS = NO;
				SWIFT_VERSION = 5.0;
				TARGETED_DEVICE_FAMILY = "1,2";
				TEST_TARGET_NAME = "guido-1";
			};
			name = Debug;
		};
		D47B10132E35DB7D0076F1FF /* Release */ = {
			isa = XCBuildConfiguration;
			baseConfigurationReference = EF7B2F6ACEC73E005E4911A4 /* Pods-guido-1-guido-1UITests.release.xcconfig */;
			buildSettings = {
				CODE_SIGN_STYLE = Automatic;
				CURRENT_PROJECT_VERSION = 1;
				ENABLE_USER_SCRIPT_SANDBOXING = NO;
				GENERATE_INFOPLIST_FILE = YES;
				MARKETING_VERSION = 1.0;
				PRODUCT_BUNDLE_IDENTIFIER = "com.vjventures.guido-1UITests";
				PRODUCT_NAME = "$(TARGET_NAME)";
				SWIFT_EMIT_LOC_STRINGS = NO;
				SWIFT_VERSION = 5.0;
				TARGETED_DEVICE_FAMILY = "1,2";
				TEST_TARGET_NAME = "guido-1";
			};
			name = Release;
		};
/* End XCBuildConfiguration section */

/* Begin XCConfigurationList section */
		D47B0FE52E35DB7B0076F1FF /* Build configuration list for PBXProject "guido-1" */ = {
			isa = XCConfigurationList;
			buildConfigurations = (
				D47B10092E35DB7D0076F1FF /* Debug */,
				D47B100A2E35DB7D0076F1FF /* Release */,
			);
			defaultConfigurationIsVisible = 0;
			defaultConfigurationName = Release;
		};
		D47B100B2E35DB7D0076F1FF /* Build configuration list for PBXNativeTarget "guido-1" */ = {
			isa = XCConfigurationList;
			buildConfigurations = (
				D47B100C2E35DB7D0076F1FF /* Debug */,
				D47B100D2E35DB7D0076F1FF /* Release */,
			);
			defaultConfigurationIsVisible = 0;
			defaultConfigurationName = Release;
		};
		D47B100E2E35DB7D0076F1FF /* Build configuration list for PBXNativeTarget "guido-1Tests" */ = {
			isa = XCConfigurationList;
			buildConfigurations = (
				D47B100F2E35DB7D0076F1FF /* Debug */,
				D47B10102E35DB7D0076F1FF /* Release */,
			);
			defaultConfigurationIsVisible = 0;
			defaultConfigurationName = Release;
		};
		D47B10112E35DB7D0076F1FF /* Build configuration list for PBXNativeTarget "guido-1UITests" */ = {
			isa = XCConfigurationList;
			buildConfigurations = (
				D47B10122E35DB7D0076F1FF /* Debug */,
				D47B10132E35DB7D0076F1FF /* Release */,
			);
			defaultConfigurationIsVisible = 0;
			defaultConfigurationName = Release;
		};
/* End XCConfigurationList section */

/* Begin XCRemoteSwiftPackageReference section */
		D4BDD3232E6397D40011C418 /* XCRemoteSwiftPackageReference "supabase-swift" */ = {
			isa = XCRemoteSwiftPackageReference;
			repositoryURL = "https://github.com/supabase-community/supabase-swift";
			requirement = {
				kind = upToNextMajorVersion;
				minimumVersion = 2.5.1;
			};
		};
/* End XCRemoteSwiftPackageReference section */

/* Begin XCSwiftPackageProductDependency section */
		D4BDD3242E6397D40011C418 /* Auth */ = {
			isa = XCSwiftPackageProductDependency;
			package = D4BDD3232E6397D40011C418 /* XCRemoteSwiftPackageReference "supabase-swift" */;
			productName = Auth;
		};
		D4BDD3262E6397D40011C418 /* Functions */ = {
			isa = XCSwiftPackageProductDependency;
			package = D4BDD3232E6397D40011C418 /* XCRemoteSwiftPackageReference "supabase-swift" */;
			productName = Functions;
		};
		D4BDD3282E6397D40011C418 /* PostgREST */ = {
			isa = XCSwiftPackageProductDependency;
			package = D4BDD3232E6397D40011C418 /* XCRemoteSwiftPackageReference "supabase-swift" */;
			productName = PostgREST;
		};
		D4BDD32A2E6397D40011C418 /* Realtime */ = {
			isa = XCSwiftPackageProductDependency;
			package = D4BDD3232E6397D40011C418 /* XCRemoteSwiftPackageReference "supabase-swift" */;
			productName = Realtime;
		};
		D4BDD32C2E6397D40011C418 /* Storage */ = {
			isa = XCSwiftPackageProductDependency;
			package = D4BDD3232E6397D40011C418 /* XCRemoteSwiftPackageReference "supabase-swift" */;
			productName = Storage;
		};
		D4BDD32E2E639A060011C418 /* Supabase */ = {
			isa = XCSwiftPackageProductDependency;
			package = D4BDD3232E6397D40011C418 /* XCRemoteSwiftPackageReference "supabase-swift" */;
			productName = Supabase;
		};
		D4BDD3302E639A470011C418 /* Auth */ = {
			isa = XCSwiftPackageProductDependency;
			package = D4BDD3232E6397D40011C418 /* XCRemoteSwiftPackageReference "supabase-swift" */;
			productName = Auth;
		};
/* End XCSwiftPackageProductDependency section */
	};
	rootObject = D47B0FE22E35DB7B0076F1FF /* Project object */;
}
