// !$*UTF8*$!
{
	archiveVersion = 1;
	classes = {
	};
	objectVersion = 77;
	objects = {

/* Begin PBXContainerItemProxy section */
		D47B0FF82E35DB7D0076F1FF /* PBXContainerItemProxy */ = {
			isa = PBXContainerItemProxy;
			containerPortal = D47B0FE22E35DB7B0076F1FF /* Project object */;
			proxyType = 1;
			remoteGlobalIDString = D47B0FE92E35DB7B0076F1FF;
			remoteInfo = "guido-1";
		};
		D47B10022E35DB7D0076F1FF /* PBXContainerItemProxy */ = {
			isa = PBXContainerItemProxy;
			containerPortal = D47B0FE22E35DB7B0076F1FF /* Project object */;
			proxyType = 1;
			remoteGlobalIDString = D47B0FE92E35DB7B0076F1FF;
			remoteInfo = "guido-1";
		};
/* End PBXContainerItemProxy section */

/* Begin PBXFileReference section */
		D47B0FEA2E35DB7B0076F1FF /* guido-1.app */ = {isa = PBXFileReference; explicitFileType = wrapper.application; includeInIndex = 0; path = "guido-1.app"; sourceTree = BUILT_PRODUCTS_DIR; };
		D47B0FF72E35DB7D0076F1FF /* guido-1Tests.xctest */ = {isa = PBXFileReference; explicitFileType = wrapper.cfbundle; includeInIndex = 0; path = "guido-1Tests.xctest"; sourceTree = BUILT_PRODUCTS_DIR; };
		D47B10012E35DB7D0076F1FF /* guido-1UITests.xctest */ = {isa = PBXFileReference; explicitFileType = wrapper.cfbundle; includeInIndex = 0; path = "guido-1UITests.xctest"; sourceTree = BUILT_PRODUCTS_DIR; };
/* End PBXFileReference section */

/* Begin PBXFileSystemSynchronizedRootGroup section */
		D47B0FEC2E35DB7B0076F1FF /* guido-1 */ = {
			isa = PBXFileSystemSynchronizedRootGroup;
			path = "guido-1";
			sourceTree = "<group>";
		};
		D47B0FFA2E35DB7D0076F1FF /* guido-1Tests */ = {
			isa = PBXFileSystemSynchronizedRootGroup;
			path = "guido-1Tests";
			sourceTree = "<group>";
		};
		D47B10042E35DB7D0076F1FF /* guido-1UITests */ = {
			isa = PBXFileSystemSynchronizedRootGroup;
			path = "guido-1UITests";
			sourceTree = "<group>";
		};
/* End PBXFileSystemSynchronizedRootGroup section */

/* Begin PBXFrameworksBuildPhase section */
		D47B0FE72E35DB7B0076F1FF /* Frameworks */ = {
			isa = PBXFrameworksBuildPhase;
			buildActionMask = 2147483647;
			files = (
			);
			runOnlyForDeploymentPostprocessing = 0;
		};
		D47B0FF42E35DB7D0076F1FF /* Frameworks */ = {
			isa = PBXFrameworksBuildPhase;
			buildActionMask = 2147483647;
			files = (
			);
			runOnlyForDeploymentPostprocessing = 0;
		};
		D47B0FFE2E35DB7D0076F1FF /* Frameworks */ = {
			isa = PBXFrameworksBuildPhase;
			buildActionMask = 2147483647;
			files = (
			);
			runOnlyForDeploymentPostprocessing = 0;
		};
/* End PBXFrameworksBuildPhase section */

/* Begin PBXGroup section */
		D47B0FE12E35DB7B0076F1FF = {
			isa = PBXGroup;
			children = (
				D47B0FEC2E35DB7B0076F1FF /* guido-1 */,
				D47B0FFA2E35DB7D0076F1FF /* guido-1Tests */,
				D47B10042E35DB7D0076F1FF /* guido-1UITests */,
				D47B0FEB2E35DB7B0076F1FF /* Products */,
			);
			sourceTree = "<group>";
		};
		D47B0FEB2E35DB7B0076F1FF /* Products */ = {
			isa = PBXGroup;
			children = (
				D47B0FEA2E35DB7B0076F1FF /* guido-1.app */,
				D47B0FF72E35DB7D0076F1FF /* guido-1Tests.xctest */,
				D47B10012E35DB7D0076F1FF /* guido-1UITests.xctest */,
			);
			name = Products;
			sourceTree = "<group>";
		};
/* End PBXGroup section */

/* Begin PBXNativeTarget section */
		D47B0FE92E35DB7B0076F1FF /* guido-1 */ = {
			isa = PBXNativeTarget;
			buildConfigurationList = D47B100B2E35DB7D0076F1FF /* Build configuration list for PBXNativeTarget "guido-1" */;
			buildPhases = (
				D47B0FE62E35DB7B0076F1FF /* Sources */,
				D47B0FE72E35DB7B0076F1FF /* Frameworks */,
				D47B0FE82E35DB7B0076F1FF /* Resources */,
			);
			buildRules = (
			);
			dependencies = (
			);
			fileSystemSynchronizedGroups = (
				D47B0FEC2E35DB7B0076F1FF /* guido-1 */,
			);
			name = "guido-1";
			packageProductDependencies = (
			);
			productName = "guido-1";
			productReference = D47B0FEA2E35DB7B0076F1FF /* guido-1.app */;
			productType = "com.apple.product-type.application";
		};
		D47B0FF62E35DB7D0076F1FF /* guido-1Tests */ = {
			isa = PBXNativeTarget;
			buildConfigurationList = D47B100E2E35DB7D0076F1FF /* Build configuration list for PBXNativeTarget "guido-1Tests" */;
			buildPhases = (
				D47B0FF32E35DB7D0076F1FF /* Sources */,
				D47B0FF42E35DB7D0076F1FF /* Frameworks */,
				D47B0FF52E35DB7D0076F1FF /* Resources */,
			);
			buildRules = (
			);
			dependencies = (
				D47B0FF92E35DB7D0076F1FF /* PBXTargetDependency */,
			);
			fileSystemSynchronizedGroups = (
				D47B0FFA2E35DB7D0076F1FF /* guido-1Tests */,
			);
			name = "guido-1Tests";
			packageProductDependencies = (
			);
			productName = "guido-1Tests";
			productReference = D47B0FF72E35DB7D0076F1FF /* guido-1Tests.xctest */;
			productType = "com.apple.product-type.bundle.unit-test";
		};
		D47B10002E35DB7D0076F1FF /* guido-1UITests */ = {
			isa = PBXNativeTarget;
			buildConfigurationList = D47B10112E35DB7D0076F1FF /* Build configuration list for PBXNativeTarget "guido-1UITests" */;
			buildPhases = (
				D47B0FFD2E35DB7D0076F1FF /* Sources */,
				D47B0FFE2E35DB7D0076F1FF /* Frameworks */,
				D47B0FFF2E35DB7D0076F1FF /* Resources */,
			);
			buildRules = (
			);
			dependencies = (
				D47B10032E35DB7D0076F1FF /* PBXTargetDependency */,
			);
			fileSystemSynchronizedGroups = (
				D47B10042E35DB7D0076F1FF /* guido-1UITests */,
			);
			name = "guido-1UITests";
			packageProductDependencies = (
			);
			productName = "guido-1UITests";
			productReference = D47B10012E35DB7D0076F1FF /* guido-1UITests.xctest */;
			productType = "com.apple.product-type.bundle.ui-testing";
		};
/* End PBXNativeTarget section */

/* Begin PBXProject section */
		D47B0FE22E35DB7B0076F1FF /* Project object */ = {
			isa = PBXProject;
			attributes = {
				BuildIndependentTargetsInParallel = 1;
				LastSwiftUpdateCheck = 1640;
				LastUpgradeCheck = 1640;
				TargetAttributes = {
					D47B0FE92E35DB7B0076F1FF = {
						CreatedOnToolsVersion = 16.4;
					};
					D47B0FF62E35DB7D0076F1FF = {
						CreatedOnToolsVersion = 16.4;
						TestTargetID = D47B0FE92E35DB7B0076F1FF;
					};
					D47B10002E35DB7D0076F1FF = {
						CreatedOnToolsVersion = 16.4;
						TestTargetID = D47B0FE92E35DB7B0076F1FF;
					};
				};
			};
			buildConfigurationList = D47B0FE52E35DB7B0076F1FF /* Build configuration list for PBXProject "guido-1" */;
			developmentRegion = en;
			hasScannedForEncodings = 0;
			knownRegions = (
				en,
				Base,
			);
			mainGroup = D47B0FE12E35DB7B0076F1FF;
			minimizedProjectReferenceProxies = 1;
			preferredProjectObjectVersion = 77;
			productRefGroup = D47B0FEB2E35DB7B0076F1FF /* Products */;
			projectDirPath = "";
			projectRoot = "";
			targets = (
				D47B0FE92E35DB7B0076F1FF /* guido-1 */,
				D47B0FF62E35DB7D0076F1FF /* guido-1Tests */,
				D47B10002E35DB7D0076F1FF /* guido-1UITests */,
			);
		};
/* End PBXProject section */

/* Begin PBXResourcesBuildPhase section */
		D47B0FE82E35DB7B0076F1FF /* Resources */ = {
			isa = PBXResourcesBuildPhase;
			buildActionMask = 2147483647;
			files = (
			);
			runOnlyForDeploymentPostprocessing = 0;
		};
		D47B0FF52E35DB7D0076F1FF /* Resources */ = {
			isa = PBXResourcesBuildPhase;
			buildActionMask = 2147483647;
			files = (
			);
			runOnlyForDeploymentPostprocessing = 0;
		};
		D47B0FFF2E35DB7D0076F1FF /* Resources */ = {
			isa = PBXResourcesBuildPhase;
			buildActionMask = 2147483647;
			files = (
			);
			runOnlyForDeploymentPostprocessing = 0;
		};
/* End PBXResourcesBuildPhase section */

/* Begin PBXSourcesBuildPhase section */
		D47B0FE62E35DB7B0076F1FF /* Sources */ = {
			isa = PBXSourcesBuildPhase;
			buildActionMask = 2147483647;
			files = (
			);
			runOnlyForDeploymentPostprocessing = 0;
		};
		D47B0FF32E35DB7D0076F1FF /* Sources */ = {
			isa = PBXSourcesBuildPhase;
			buildActionMask = 2147483647;
			files = (
			);
			runOnlyForDeploymentPostprocessing = 0;
		};
		D47B0FFD2E35DB7D0076F1FF /* Sources */ = {
			isa = PBXSourcesBuildPhase;
			buildActionMask = 2147483647;
			files = (
			);
			runOnlyForDeploymentPostprocessing = 0;
		};
/* End PBXSourcesBuildPhase section */

/* Begin PBXTargetDependency section */
		D47B0FF92E35DB7D0076F1FF /* PBXTargetDependency */ = {
			isa = PBXTargetDependency;
			target = D47B0FE92E35DB7B0076F1FF /* guido-1 */;
			targetProxy = D47B0FF82E35DB7D0076F1FF /* PBXContainerItemProxy */;
		};
		D47B10032E35DB7D0076F1FF /* PBXTargetDependency */ = {
			isa = PBXTargetDependency;
			target = D47B0FE92E35DB7B0076F1FF /* guido-1 */;
			targetProxy = D47B10022E35DB7D0076F1FF /* PBXContainerItemProxy */;
		};
/* End PBXTargetDependency section */

/* Begin XCBuildConfiguration section */
		D47B10092E35DB7D0076F1FF /* Debug */ = {
			isa = XCBuildConfiguration;
			buildSettings = {
				ALWAYS_SEARCH_USER_PATHS = NO;
				ASSETCATALOG_COMPILER_GENERATE_SWIFT_ASSET_SYMBOL_EXTENSIONS = YES;
				CLANG_ANALYZER_NONNULL = YES;
				CLANG_ANALYZER_NUMBER_OBJECT_CONVERSION = YES_AGGRESSIVE;
				CLANG_CXX_LANGUAGE_STANDARD = "gnu++20";
				CLANG_ENABLE_MODULES = YES;
				CLANG_ENABLE_OBJC_ARC = YES;
				CLANG_ENABLE_OBJC_WEAK = YES;
				CLANG_WARN_BLOCK_CAPTURE_AUTORELEASING = YES;
				CLANG_WARN_BOOL_CONVERSION = YES;
				CLANG_WARN_COMMA = YES;
				CLANG_WARN_CONSTANT_CONVERSION = YES;
				CLANG_WARN_DEPRECATED_OBJC_IMPLEMENTATIONS = YES;
				CLANG_WARN_DIRECT_OBJC_ISA_USAGE = YES_ERROR;
				CLANG_WARN_DOCUMENTATION_COMMENTS = YES;
				CLANG_WARN_EMPTY_BODY = YES;
				CLANG_WARN_ENUM_CONVERSION = YES;
				CLANG_WARN_INFINITE_RECURSION = YES;
				CLANG_WARN_INT_CONVERSION = YES;
				CLANG_WARN_NON_LITERAL_NULL_CONVERSION = YES;
				CLANG_WARN_OBJC_IMPLICIT_RETAIN_SELF = YES;
				CLANG_WARN_OBJC_LITERAL_CONVERSION = YES;
				CLANG_WARN_OBJC_ROOT_CLASS = YES_ERROR;
				CLANG_WARN_QUOTED_INCLUDE_IN_FRAMEWORK_HEADER = YES;
				CLANG_WARN_RANGE_LOOP_ANALYSIS = YES;
				CLANG_WARN_STRICT_PROTOTYPES = YES;
				CLANG_WARN_SUSPICIOUS_MOVE = YES;
				CLANG_WARN_UNGUARDED_AVAILABILITY = YES_AGGRESSIVE;
				CLANG_WARN_UNREACHABLE_CODE = YES;
				CLANG_WARN__DUPLICATE_METHOD_MATCH = YES;
				COPY_PHASE_STRIP = NO;
				DEBUG_INFORMATION_FORMAT = dwarf;
				ENABLE_STRICT_OBJC_MSGSEND = YES;
				ENABLE_TESTABILITY = YES;
				ENABLE_USER_SCRIPT_SANDBOXING = YES;
				GCC_C_LANGUAGE_STANDARD = gnu17;
				GCC_DYNAMIC_NO_PIC = NO;
				GCC_NO_COMMON_BLOCKS = YES;
				GCC_OPTIMIZATION_LEVEL = 0;
				GCC_PREPROCESSOR_DEFINITIONS = (
					"DEBUG=1",
					"$(inherited)",
				);
				GCC_WARN_64_TO_32_BIT_CONVERSION = YES;
				GCC_WARN_ABOUT_RETURN_TYPE = YES_ERROR;
				GCC_WARN_UNDECLARED_SELECTOR = YES;
				GCC_WARN_UNINITIALIZED_AUTOS = YES_AGGRESSIVE;
				GCC_WARN_UNUSED_FUNCTION = YES;
				GCC_WARN_UNUSED_VARIABLE = YES;
				IPHONEOS_DEPLOYMENT_TARGET = 18.5;
				LOCALIZATION_PREFERS_STRING_CATALOGS = YES;
				MTL_ENABLE_DEBUG_INFO = INCLUDE_SOURCE;
				MTL_FAST_MATH = YES;
				ONLY_ACTIVE_ARCH = YES;
				SDKROOT = iphoneos;
				SWIFT_ACTIVE_COMPILATION_CONDITIONS = "DEBUG $(inherited)";
				SWIFT_OPTIMIZATION_LEVEL = "-Onone";
			};
			name = Debug;
		};
		D47B100A2E35DB7D0076F1FF /* Release */ = {
			isa = XCBuildConfiguration;
			buildSettings = {
				ALWAYS_SEARCH_USER_PATHS = NO;
				ASSETCATALOG_COMPILER_GENERATE_SWIFT_ASSET_SYMBOL_EXTENSIONS = YES;
				CLANG_ANALYZER_NONNULL = YES;
				CLANG_ANALYZER_NUMBER_OBJECT_CONVERSION = YES_AGGRESSIVE;
				CLANG_CXX_LANGUAGE_STANDARD = "gnu++20";
				CLANG_ENABLE_MODULES = YES;
				CLANG_ENABLE_OBJC_ARC = YES;
				CLANG_ENABLE_OBJC_WEAK = YES;
				CLANG_WARN_BLOCK_CAPTURE_AUTORELEASING = YES;
				CLANG_WARN_BOOL_CONVERSION = YES;
				CLANG_WARN_COMMA = YES;
				CLANG_WARN_CONSTANT_CONVERSION = YES;
				CLANG_WARN_DEPRECATED_OBJC_IMPLEMENTATIONS = YES;
				CLANG_WARN_DIRECT_OBJC_ISA_USAGE = YES_ERROR;
				CLANG_WARN_DOCUMENTATION_COMMENTS = YES;
				CLANG_WARN_EMPTY_BODY = YES;
				CLANG_WARN_ENUM_CONVERSION = YES;
				CLANG_WARN_INFINITE_RECURSION = YES;
				CLANG_WARN_INT_CONVERSION = YES;
				CLANG_WARN_NON_LITERAL_NULL_CONVERSION = YES;
				CLANG_WARN_OBJC_IMPLICIT_RETAIN_SELF = YES;
				CLANG_WARN_OBJC_LITERAL_CONVERSION = YES;
				CLANG_WARN_OBJC_ROOT_CLASS = YES_ERROR;
				CLANG_WARN_QUOTED_INCLUDE_IN_FRAMEWORK_HEADER = YES;
				CLANG_WARN_RANGE_LOOP_ANALYSIS = YES;
				CLANG_WARN_STRICT_PROTOTYPES = YES;
				CLANG_WARN_SUSPICIOUS_MOVE = YES;
				CLANG_WARN_UNGUARDED_AVAILABILITY = YES_AGGRESSIVE;
				CLANG_WARN_UNREACHABLE_CODE = YES;
				CLANG_WARN__DUPLICATE_METHOD_MATCH = YES;
				COPY_PHASE_STRIP = NO;
				DEBUG_INFORMATION_FORMAT = "dwarf-with-dsym";
				ENABLE_NS_ASSERTIONS = NO;
				ENABLE_STRICT_OBJC_MSGSEND = YES;
				ENABLE_USER_SCRIPT_SANDBOXING = YES;
				GCC_C_LANGUAGE_STANDARD = gnu17;
				GCC_NO_COMMON_BLOCKS = YES;
				GCC_WARN_64_TO_32_BIT_CONVERSION = YES;
				GCC_WARN_ABOUT_RETURN_TYPE = YES_ERROR;
				GCC_WARN_UNDECLARED_SELECTOR = YES;
				GCC_WARN_UNINITIALIZED_AUTOS = YES_AGGRESSIVE;
				GCC_WARN_UNUSED_FUNCTION = YES;
				GCC_WARN_UNUSED_VARIABLE = YES;
				IPHONEOS_DEPLOYMENT_TARGET = 18.5;
				LOCALIZATION_PREFERS_STRING_CATALOGS = YES;
				MTL_ENABLE_DEBUG_INFO = NO;
				MTL_FAST_MATH = YES;
				SDKROOT = iphoneos;
				SWIFT_COMPILATION_MODE = wholemodule;
				VALIDATE_PRODUCT = YES;
			};
			name = Release;
		};
		D47B100C2E35DB7D0076F1FF /* Debug */ = {
			isa = XCBuildConfiguration;
			buildSettings = {
				ASSETCATALOG_COMPILER_APPICON_NAME = AppIcon;
				ASSETCATALOG_COMPILER_GLOBAL_ACCENT_COLOR_NAME = AccentColor;
				CODE_SIGN_STYLE = Automatic;
				CURRENT_PROJECT_VERSION = 1;
				ENABLE_PREVIEWS = YES;
				GENERATE_INFOPLIST_FILE = YES;
				INFOPLIST_KEY_UIApplicationSceneManifest_Generation = YES;
				INFOPLIST_KEY_UIApplicationSupportsIndirectInputEvents = YES;
				INFOPLIST_KEY_UILaunchScreen_Generation = YES;
				INFOPLIST_KEY_UISupportedInterfaceOrientations_iPad = "UIInterfaceOrientationPortrait UIInterfaceOrientationPortraitUpsideDown UIInterfaceOrientationLandscapeLeft UIInterfaceOrientationLandscapeRight";
				INFOPLIST_KEY_UISupportedInterfaceOrientations_iPhone = "UIInterfaceOrientationPortrait UIInterfaceOrientationLandscapeLeft UIInterfaceOrientationLandscapeRight";
				LD_RUNPATH_SEARCH_PATHS = (
					"$(inherited)",
					"@executable_path/Frameworks",
				);
				MARKETING_VERSION = 1.0;
				PRODUCT_BUNDLE_IDENTIFIER = "com.vjventures.guido-1";
				PRODUCT_NAME = "$(TARGET_NAME)";
				SWIFT_EMIT_LOC_STRINGS = YES;
				SWIFT_VERSION = 5.0;
				TARGETED_DEVICE_FAMILY = "1,2";
			};
			name = Debug;
		};
		D47B100D2E35DB7D0076F1FF /* Release */ = {
			isa = XCBuildConfiguration;
			buildSettings = {
				ASSETCATALOG_COMPILER_APPICON_NAME = AppIcon;
				ASSETCATALOG_COMPILER_GLOBAL_ACCENT_COLOR_NAME = AccentColor;
				CODE_SIGN_STYLE = Automatic;
				CURRENT_PROJECT_VERSION = 1;
				ENABLE_PREVIEWS = YES;
				GENERATE_INFOPLIST_FILE = YES;
				INFOPLIST_KEY_UIApplicationSceneManifest_Generation = YES;
				INFOPLIST_KEY_UIApplicationSupportsIndirectInputEvents = YES;
				INFOPLIST_KEY_UILaunchScreen_Generation = YES;
				INFOPLIST_KEY_UISupportedInterfaceOrientations_iPad = "UIInterfaceOrientationPortrait UIInterfaceOrientationPortraitUpsideDown UIInterfaceOrientationLandscapeLeft UIInterfaceOrientationLandscapeRight";
				INFOPLIST_KEY_UISupportedInterfaceOrientations_iPhone = "UIInterfaceOrientationPortrait UIInterfaceOrientationLandscapeLeft UIInterfaceOrientationLandscapeRight";
				LD_RUNPATH_SEARCH_PATHS = (
					"$(inherited)",
					"@executable_path/Frameworks",
				);
				MARKETING_VERSION = 1.0;
				PRODUCT_BUNDLE_IDENTIFIER = "com.vjventures.guido-1";
				PRODUCT_NAME = "$(TARGET_NAME)";
				SWIFT_EMIT_LOC_STRINGS = YES;
				SWIFT_VERSION = 5.0;
				TARGETED_DEVICE_FAMILY = "1,2";
			};
			name = Release;
		};
		D47B100F2E35DB7D0076F1FF /* Debug */ = {
			isa = XCBuildConfiguration;
			buildSettings = {
				BUNDLE_LOADER = "$(TEST_HOST)";
				CODE_SIGN_STYLE = Automatic;
				CURRENT_PROJECT_VERSION = 1;
				GENERATE_INFOPLIST_FILE = YES;
				IPHONEOS_DEPLOYMENT_TARGET = 18.5;
				MARKETING_VERSION = 1.0;
				PRODUCT_BUNDLE_IDENTIFIER = "com.vjventures.guido-1Tests";
				PRODUCT_NAME = "$(TARGET_NAME)";
				SWIFT_EMIT_LOC_STRINGS = NO;
				SWIFT_VERSION = 5.0;
				TARGETED_DEVICE_FAMILY = "1,2";
				TEST_HOST = "$(BUILT_PRODUCTS_DIR)/guido-1.app/$(BUNDLE_EXECUTABLE_FOLDER_PATH)/guido-1";
			};
			name = Debug;
		};
		D47B10102E35DB7D0076F1FF /* Release */ = {
			isa = XCBuildConfiguration;
			buildSettings = {
				BUNDLE_LOADER = "$(TEST_HOST)";
				CODE_SIGN_STYLE = Automatic;
				CURRENT_PROJECT_VERSION = 1;
				GENERATE_INFOPLIST_FILE = YES;
				IPHONEOS_DEPLOYMENT_TARGET = 18.5;
				MARKETING_VERSION = 1.0;
				PRODUCT_BUNDLE_IDENTIFIER = "com.vjventures.guido-1Tests";
				PRODUCT_NAME = "$(TARGET_NAME)";
				SWIFT_EMIT_LOC_STRINGS = NO;
				SWIFT_VERSION = 5.0;
				TARGETED_DEVICE_FAMILY = "1,2";
				TEST_HOST = "$(BUILT_PRODUCTS_DIR)/guido-1.app/$(BUNDLE_EXECUTABLE_FOLDER_PATH)/guido-1";
			};
			name = Release;
		};
		D47B10122E35DB7D0076F1FF /* Debug */ = {
			isa = XCBuildConfiguration;
			buildSettings = {
				CODE_SIGN_STYLE = Automatic;
				CURRENT_PROJECT_VERSION = 1;
				GENERATE_INFOPLIST_FILE = YES;
				MARKETING_VERSION = 1.0;
				PRODUCT_BUNDLE_IDENTIFIER = "com.vjventures.guido-1UITests";
				PRODUCT_NAME = "$(TARGET_NAME)";
				SWIFT_EMIT_LOC_STRINGS = NO;
				SWIFT_VERSION = 5.0;
				TARGETED_DEVICE_FAMILY = "1,2";
				TEST_TARGET_NAME = "guido-1";
			};
			name = Debug;
		};
		D47B10132E35DB7D0076F1FF /* Release */ = {
			isa = XCBuildConfiguration;
			buildSettings = {
				CODE_SIGN_STYLE = Automatic;
				CURRENT_PROJECT_VERSION = 1;
				GENERATE_INFOPLIST_FILE = YES;
				MARKETING_VERSION = 1.0;
				PRODUCT_BUNDLE_IDENTIFIER = "com.vjventures.guido-1UITests";
				PRODUCT_NAME = "$(TARGET_NAME)";
				SWIFT_EMIT_LOC_STRINGS = NO;
				SWIFT_VERSION = 5.0;
				TARGETED_DEVICE_FAMILY = "1,2";
				TEST_TARGET_NAME = "guido-1";
			};
			name = Release;
		};
/* End XCBuildConfiguration section */

/* Begin XCConfigurationList section */
		D47B0FE52E35DB7B0076F1FF /* Build configuration list for PBXProject "guido-1" */ = {
			isa = XCConfigurationList;
			buildConfigurations = (
				D47B10092E35DB7D0076F1FF /* Debug */,
				D47B100A2E35DB7D0076F1FF /* Release */,
			);
			defaultConfigurationIsVisible = 0;
			defaultConfigurationName = Release;
		};
		D47B100B2E35DB7D0076F1FF /* Build configuration list for PBXNativeTarget "guido-1" */ = {
			isa = XCConfigurationList;
			buildConfigurations = (
				D47B100C2E35DB7D0076F1FF /* Debug */,
				D47B100D2E35DB7D0076F1FF /* Release */,
			);
			defaultConfigurationIsVisible = 0;
			defaultConfigurationName = Release;
		};
		D47B100E2E35DB7D0076F1FF /* Build configuration list for PBXNativeTarget "guido-1Tests" */ = {
			isa = XCConfigurationList;
			buildConfigurations = (
				D47B100F2E35DB7D0076F1FF /* Debug */,
				D47B10102E35DB7D0076F1FF /* Release */,
			);
			defaultConfigurationIsVisible = 0;
			defaultConfigurationName = Release;
		};
		D47B10112E35DB7D0076F1FF /* Build configuration list for PBXNativeTarget "guido-1UITests" */ = {
			isa = XCConfigurationList;
			buildConfigurations = (
				D47B10122E35DB7D0076F1FF /* Debug */,
				D47B10132E35DB7D0076F1FF /* Release */,
			);
			defaultConfigurationIsVisible = 0;
			defaultConfigurationName = Release;
		};
/* End XCConfigurationList section */
	};
	rootObject = D47B0FE22E35DB7B0076F1FF /* Project object */;
}
